
Microsoft Visual Studio Solution File, Format Version 12.00
# Visual Studio Version 16
VisualStudioVersion = 16.0.30517.126
MinimumVisualStudioVersion = 10.0.40219.1
Project("{FAE04EC0-301F-11D3-BF4B-00C04F79EFBC}") = "QLySinhVien", "QLySinhVien\QLySinhVien.csproj", "{EDA52A50-4D31-45BE-83DF-FEA9902939C5}"
EndProject
Global
	GlobalSection(SolutionConfigurationPlatforms) = preSolution
		Debug|Any CPU = Debug|Any CPU
		Release|Any CPU = Release|Any CPU
	EndGlobalSection
	GlobalSection(ProjectConfigurationPlatforms) = postSolution
		{EDA52A50-4D31-45BE-83DF-FEA9902939C5}.Debug|Any CPU.ActiveCfg = Debug|Any CPU
		{EDA52A50-4D31-45BE-83DF-FEA9902939C5}.Debug|Any CPU.Build.0 = Debug|Any CPU
		{EDA52A50-4D31-45BE-83DF-FEA9902939C5}.Release|Any CPU.ActiveCfg = Release|Any CPU
		{EDA52A50-4D31-45BE-83DF-FEA9902939C5}.Release|Any CPU.Build.0 = Release|Any CPU
	EndGlobalSection
	GlobalSection(SolutionProperties) = preSolution
		HideSolutionNode = FALSE
	EndGlobalSection
	GlobalSection(ExtensibilityGlobals) = postSolution
		SolutionGuid = {9F61DF7D-3FA6-427B-9A32-E05379B5443F}
	EndGlobalSection
EndGlobal
